// !$*UTF8*$!
{
	archiveVersion = 1;
	classes = {
	};
	objectVersion = 46;
	objects = {

/* Begin PBXBuildFile section */
		6631EEE3287031D06B9DCE9D /* libPods-HRMS.a in Frameworks */ = {isa = PBXBuildFile; fileRef = 007A2428E62A79150A2B5921 /* libPods-HRMS.a */; };
		D71AF45E1D0A805600B632B2 /* HRMFileImportView.m in Sources */ = {isa = PBXBuildFile; fileRef = D71AF45D1D0A805600B632B2 /* HRMFileImportView.m */; };
		D71AF4621D0A807F00B632B2 /* HRMImportViewController.m in Sources */ = {isa = PBXBuildFile; fileRef = D71AF4611D0A807F00B632B2 /* HRMImportViewController.m */; };
		D71AF46F1D0A84C600B632B2 /* main.m in Sources */ = {isa = PBXBuildFile; fileRef = D71AF46C1D0A84C600B632B2 /* main.m */; };
		D71AF4701D0A84CD00B632B2 /* Localizable.strings in Resources */ = {isa = PBXBuildFile; fileRef = D71AF4721D0A84CD00B632B2 /* Localizable.strings */; };
		D71AF4741D0A84EA00B632B2 /* Info.plist in Resources */ = {isa = PBXBuildFile; fileRef = D71AF4731D0A84EA00B632B2 /* Info.plist */; };
		D71AF47C1D0A8B5B00B632B2 /* HRMColoredView.m in Sources */ = {isa = PBXBuildFile; fileRef = D71AF47B1D0A8B5B00B632B2 /* HRMColoredView.m */; };
		D71AF4801D0A8B8900B632B2 /* NSColor+Hex.m in Sources */ = {isa = PBXBuildFile; fileRef = D71AF47F1D0A8B8900B632B2 /* NSColor+Hex.m */; };
		D71D6B221D0BFD5500FC0375 /* HRMStaffCSVDataObject.m in Sources */ = {isa = PBXBuildFile; fileRef = D71D6B211D0BFD5500FC0375 /* HRMStaffCSVDataObject.m */; };
		D71D6B2B1D0C064200FC0375 /* HRMImportingView.m in Sources */ = {isa = PBXBuildFile; fileRef = D71D6B2A1D0C064200FC0375 /* HRMImportingView.m */; };
		D71D6B2F1D0C0C2E00FC0375 /* HRMMainWindowController.m in Sources */ = {isa = PBXBuildFile; fileRef = D71D6B2E1D0C0C2E00FC0375 /* HRMMainWindowController.m */; };
		D742F98B1D05DF970036B273 /* AppDelegate.m in Sources */ = {isa = PBXBuildFile; fileRef = D742F98A1D05DF970036B273 /* AppDelegate.m */; };
		D742F9931D05DF970036B273 /* Assets.xcassets in Resources */ = {isa = PBXBuildFile; fileRef = D742F9921D05DF970036B273 /* Assets.xcassets */; };
		D742F9A01D05E2BE0036B273 /* HRMStaff.m in Sources */ = {isa = PBXBuildFile; fileRef = D742F99F1D05E2BE0036B273 /* HRMStaff.m */; };
		D742F9A31D05E3670036B273 /* HRMDepartment.m in Sources */ = {isa = PBXBuildFile; fileRef = D742F9A21D05E3670036B273 /* HRMDepartment.m */; };
		D77197CF1D0D99160023FDB4 /* HRMImportingView.xib in Resources */ = {isa = PBXBuildFile; fileRef = D77197CE1D0D99160023FDB4 /* HRMImportingView.xib */; };
		D77197D11D0D9F260023FDB4 /* QuartzCore.framework in Frameworks */ = {isa = PBXBuildFile; fileRef = D77197D01D0D9F260023FDB4 /* QuartzCore.framework */; };
		D7A2B46B1D0AD18900D1FC66 /* HRMCompany.m in Sources */ = {isa = PBXBuildFile; fileRef = D7A2B46A1D0AD18900D1FC66 /* HRMCompany.m */; };
		D7A2B46F1D0B2A7000D1FC66 /* NSString+Date.m in Sources */ = {isa = PBXBuildFile; fileRef = D7A2B46E1D0B2A7000D1FC66 /* NSString+Date.m */; };
		D7A2B4781D0B2F9C00D1FC66 /* NSString+Validation.m in Sources */ = {isa = PBXBuildFile; fileRef = D7A2B4771D0B2F9C00D1FC66 /* NSString+Validation.m */; };
		D7A2B47B1D0B370100D1FC66 /* HRMMoney.m in Sources */ = {isa = PBXBuildFile; fileRef = D7A2B47A1D0B370100D1FC66 /* HRMMoney.m */; };
		D7A2B47E1D0B405B00D1FC66 /* HRMWelfare.m in Sources */ = {isa = PBXBuildFile; fileRef = D7A2B47D1D0B405B00D1FC66 /* HRMWelfare.m */; };
		D7A2B4811D0BAE5700D1FC66 /* HRMJobStatus.m in Sources */ = {isa = PBXBuildFile; fileRef = D7A2B4801D0BAE5700D1FC66 /* HRMJobStatus.m */; };
		D7E7CBED1D0DAC9B0067F6C8 /* MainMenu.xib in Resources */ = {isa = PBXBuildFile; fileRef = D7E7CBEC1D0DAC9B0067F6C8 /* MainMenu.xib */; };
		D7E7CBF11D0DAED30067F6C8 /* HRMMainWindow.xib in Resources */ = {isa = PBXBuildFile; fileRef = D7E7CBF01D0DAED30067F6C8 /* HRMMainWindow.xib */; };
		F545F74B1D07ACA500BB31E5 /* CSVResolver.m in Sources */ = {isa = PBXBuildFile; fileRef = F545F74A1D07ACA500BB31E5 /* CSVResolver.m */; };
		F545F74E1D07ACE700BB31E5 /* CSVModel.m in Sources */ = {isa = PBXBuildFile; fileRef = F545F74D1D07ACE700BB31E5 /* CSVModel.m */; };
		F545F7511D07AE8F00BB31E5 /* CSVDataObject.m in Sources */ = {isa = PBXBuildFile; fileRef = F545F7501D07AE8F00BB31E5 /* CSVDataObject.m */; };
		F56FA4941D0D69B300D312F0 /* HRMFileImportView.xib in Resources */ = {isa = PBXBuildFile; fileRef = F56FA4931D0D69B300D312F0 /* HRMFileImportView.xib */; };
/* End PBXBuildFile section */

/* Begin PBXFileReference section */
		007A2428E62A79150A2B5921 /* libPods-HRMS.a */ = {isa = PBXFileReference; explicitFileType = archive.ar; includeInIndex = 0; path = "libPods-HRMS.a"; sourceTree = BUILT_PRODUCTS_DIR; };
		53F99B078456529476E054B9 /* Pods-HRMS.release.xcconfig */ = {isa = PBXFileReference; includeInIndex = 1; lastKnownFileType = text.xcconfig; name = "Pods-HRMS.release.xcconfig"; path = "Pods/Target Support Files/Pods-HRMS/Pods-HRMS.release.xcconfig"; sourceTree = "<group>"; };
		CA2F62F5DF3FB07631F2F24F /* Pods-HRMS.debug.xcconfig */ = {isa = PBXFileReference; includeInIndex = 1; lastKnownFileType = text.xcconfig; name = "Pods-HRMS.debug.xcconfig"; path = "Pods/Target Support Files/Pods-HRMS/Pods-HRMS.debug.xcconfig"; sourceTree = "<group>"; };
		D71AF45C1D0A805600B632B2 /* HRMFileImportView.h */ = {isa = PBXFileReference; fileEncoding = 4; lastKnownFileType = sourcecode.c.h; name = HRMFileImportView.h; path = Import/View/HRMFileImportView.h; sourceTree = "<group>"; };
		D71AF45D1D0A805600B632B2 /* HRMFileImportView.m */ = {isa = PBXFileReference; fileEncoding = 4; lastKnownFileType = sourcecode.c.objc; name = HRMFileImportView.m; path = Import/View/HRMFileImportView.m; sourceTree = "<group>"; };
		D71AF4601D0A807F00B632B2 /* HRMImportViewController.h */ = {isa = PBXFileReference; fileEncoding = 4; lastKnownFileType = sourcecode.c.h; name = HRMImportViewController.h; path = Import/Controller/HRMImportViewController.h; sourceTree = "<group>"; };
		D71AF4611D0A807F00B632B2 /* HRMImportViewController.m */ = {isa = PBXFileReference; fileEncoding = 4; lastKnownFileType = sourcecode.c.objc; name = HRMImportViewController.m; path = Import/Controller/HRMImportViewController.m; sourceTree = "<group>"; };
		D71AF46C1D0A84C600B632B2 /* main.m */ = {isa = PBXFileReference; fileEncoding = 4; lastKnownFileType = sourcecode.c.objc; name = main.m; path = SupportingFiles/main.m; sourceTree = "<group>"; };
		D71AF4711D0A84CD00B632B2 /* en */ = {isa = PBXFileReference; lastKnownFileType = text.plist.strings; name = en; path = en.lproj/Localizable.strings; sourceTree = "<group>"; };
		D71AF4731D0A84EA00B632B2 /* Info.plist */ = {isa = PBXFileReference; fileEncoding = 4; lastKnownFileType = text.plist.xml; path = Info.plist; sourceTree = "<group>"; };
		D71AF4761D0A855500B632B2 /* zh-Hans */ = {isa = PBXFileReference; lastKnownFileType = text.plist.strings; name = "zh-Hans"; path = "zh-Hans.lproj/Localizable.strings"; sourceTree = "<group>"; };
		D71AF47A1D0A8B5B00B632B2 /* HRMColoredView.h */ = {isa = PBXFileReference; fileEncoding = 4; lastKnownFileType = sourcecode.c.h; name = HRMColoredView.h; path = Common/View/HRMColoredView.h; sourceTree = "<group>"; };
		D71AF47B1D0A8B5B00B632B2 /* HRMColoredView.m */ = {isa = PBXFileReference; fileEncoding = 4; lastKnownFileType = sourcecode.c.objc; name = HRMColoredView.m; path = Common/View/HRMColoredView.m; sourceTree = "<group>"; };
		D71AF47E1D0A8B8900B632B2 /* NSColor+Hex.h */ = {isa = PBXFileReference; fileEncoding = 4; lastKnownFileType = sourcecode.c.h; name = "NSColor+Hex.h"; path = "Utils/Color/NSColor+Hex.h"; sourceTree = "<group>"; };
		D71AF47F1D0A8B8900B632B2 /* NSColor+Hex.m */ = {isa = PBXFileReference; fileEncoding = 4; lastKnownFileType = sourcecode.c.objc; name = "NSColor+Hex.m"; path = "Utils/Color/NSColor+Hex.m"; sourceTree = "<group>"; };
		D71D6B201D0BFD5500FC0375 /* HRMStaffCSVDataObject.h */ = {isa = PBXFileReference; fileEncoding = 4; lastKnownFileType = sourcecode.c.h; name = HRMStaffCSVDataObject.h; path = Models/HRMStaffCSVDataObject.h; sourceTree = "<group>"; };
		D71D6B211D0BFD5500FC0375 /* HRMStaffCSVDataObject.m */ = {isa = PBXFileReference; fileEncoding = 4; lastKnownFileType = sourcecode.c.objc; name = HRMStaffCSVDataObject.m; path = Models/HRMStaffCSVDataObject.m; sourceTree = "<group>"; };
		D71D6B291D0C064200FC0375 /* HRMImportingView.h */ = {isa = PBXFileReference; fileEncoding = 4; lastKnownFileType = sourcecode.c.h; name = HRMImportingView.h; path = Import/View/HRMImportingView.h; sourceTree = "<group>"; };
		D71D6B2A1D0C064200FC0375 /* HRMImportingView.m */ = {isa = PBXFileReference; fileEncoding = 4; lastKnownFileType = sourcecode.c.objc; name = HRMImportingView.m; path = Import/View/HRMImportingView.m; sourceTree = "<group>"; };
		D71D6B2D1D0C0C2E00FC0375 /* HRMMainWindowController.h */ = {isa = PBXFileReference; fileEncoding = 4; lastKnownFileType = sourcecode.c.h; name = HRMMainWindowController.h; path = Window/HRMMainWindowController.h; sourceTree = "<group>"; };
		D71D6B2E1D0C0C2E00FC0375 /* HRMMainWindowController.m */ = {isa = PBXFileReference; fileEncoding = 4; lastKnownFileType = sourcecode.c.objc; name = HRMMainWindowController.m; path = Window/HRMMainWindowController.m; sourceTree = "<group>"; };
		D742F9861D05DF970036B273 /* HRMS.app */ = {isa = PBXFileReference; explicitFileType = wrapper.application; includeInIndex = 0; path = HRMS.app; sourceTree = BUILT_PRODUCTS_DIR; };
		D742F9891D05DF970036B273 /* AppDelegate.h */ = {isa = PBXFileReference; lastKnownFileType = sourcecode.c.h; path = AppDelegate.h; sourceTree = "<group>"; };
		D742F98A1D05DF970036B273 /* AppDelegate.m */ = {isa = PBXFileReference; lastKnownFileType = sourcecode.c.objc; path = AppDelegate.m; sourceTree = "<group>"; };
		D742F9921D05DF970036B273 /* Assets.xcassets */ = {isa = PBXFileReference; lastKnownFileType = folder.assetcatalog; path = Assets.xcassets; sourceTree = "<group>"; };
		D742F99E1D05E2BE0036B273 /* HRMStaff.h */ = {isa = PBXFileReference; fileEncoding = 4; lastKnownFileType = sourcecode.c.h; name = HRMStaff.h; path = Models/HRMStaff.h; sourceTree = "<group>"; };
		D742F99F1D05E2BE0036B273 /* HRMStaff.m */ = {isa = PBXFileReference; fileEncoding = 4; lastKnownFileType = sourcecode.c.objc; name = HRMStaff.m; path = Models/HRMStaff.m; sourceTree = "<group>"; };
		D742F9A11D05E3670036B273 /* HRMDepartment.h */ = {isa = PBXFileReference; fileEncoding = 4; lastKnownFileType = sourcecode.c.h; name = HRMDepartment.h; path = Models/HRMDepartment.h; sourceTree = "<group>"; };
		D742F9A21D05E3670036B273 /* HRMDepartment.m */ = {isa = PBXFileReference; fileEncoding = 4; lastKnownFileType = sourcecode.c.objc; name = HRMDepartment.m; path = Models/HRMDepartment.m; sourceTree = "<group>"; };
		D77197CE1D0D99160023FDB4 /* HRMImportingView.xib */ = {isa = PBXFileReference; fileEncoding = 4; lastKnownFileType = file.xib; name = HRMImportingView.xib; path = Import/Nib/HRMImportingView.xib; sourceTree = "<group>"; };
		D77197D01D0D9F260023FDB4 /* QuartzCore.framework */ = {isa = PBXFileReference; lastKnownFileType = wrapper.framework; name = QuartzCore.framework; path = System/Library/Frameworks/QuartzCore.framework; sourceTree = SDKROOT; };
		D7A2B4691D0AD18900D1FC66 /* HRMCompany.h */ = {isa = PBXFileReference; fileEncoding = 4; lastKnownFileType = sourcecode.c.h; name = HRMCompany.h; path = Models/HRMCompany.h; sourceTree = "<group>"; };
		D7A2B46A1D0AD18900D1FC66 /* HRMCompany.m */ = {isa = PBXFileReference; fileEncoding = 4; lastKnownFileType = sourcecode.c.objc; name = HRMCompany.m; path = Models/HRMCompany.m; sourceTree = "<group>"; };
		D7A2B46D1D0B2A7000D1FC66 /* NSString+Date.h */ = {isa = PBXFileReference; fileEncoding = 4; lastKnownFileType = sourcecode.c.h; name = "NSString+Date.h"; path = "Utils/Date/NSString+Date.h"; sourceTree = "<group>"; };
		D7A2B46E1D0B2A7000D1FC66 /* NSString+Date.m */ = {isa = PBXFileReference; fileEncoding = 4; lastKnownFileType = sourcecode.c.objc; name = "NSString+Date.m"; path = "Utils/Date/NSString+Date.m"; sourceTree = "<group>"; };
		D7A2B4741D0B2ECE00D1FC66 /* HRMSPrefix.pch */ = {isa = PBXFileReference; lastKnownFileType = sourcecode.c.h; name = HRMSPrefix.pch; path = SupportingFiles/HRMSPrefix.pch; sourceTree = "<group>"; };
		D7A2B4761D0B2F9C00D1FC66 /* NSString+Validation.h */ = {isa = PBXFileReference; fileEncoding = 4; lastKnownFileType = sourcecode.c.h; name = "NSString+Validation.h"; path = "Utils/String/NSString+Validation.h"; sourceTree = "<group>"; };
		D7A2B4771D0B2F9C00D1FC66 /* NSString+Validation.m */ = {isa = PBXFileReference; fileEncoding = 4; lastKnownFileType = sourcecode.c.objc; name = "NSString+Validation.m"; path = "Utils/String/NSString+Validation.m"; sourceTree = "<group>"; };
		D7A2B4791D0B370100D1FC66 /* HRMMoney.h */ = {isa = PBXFileReference; fileEncoding = 4; lastKnownFileType = sourcecode.c.h; name = HRMMoney.h; path = Common/Model/HRMMoney.h; sourceTree = "<group>"; };
		D7A2B47A1D0B370100D1FC66 /* HRMMoney.m */ = {isa = PBXFileReference; fileEncoding = 4; lastKnownFileType = sourcecode.c.objc; name = HRMMoney.m; path = Common/Model/HRMMoney.m; sourceTree = "<group>"; };
		D7A2B47C1D0B405B00D1FC66 /* HRMWelfare.h */ = {isa = PBXFileReference; fileEncoding = 4; lastKnownFileType = sourcecode.c.h; name = HRMWelfare.h; path = Models/HRMWelfare.h; sourceTree = "<group>"; };
		D7A2B47D1D0B405B00D1FC66 /* HRMWelfare.m */ = {isa = PBXFileReference; fileEncoding = 4; lastKnownFileType = sourcecode.c.objc; name = HRMWelfare.m; path = Models/HRMWelfare.m; sourceTree = "<group>"; };
		D7A2B47F1D0BAE5700D1FC66 /* HRMJobStatus.h */ = {isa = PBXFileReference; fileEncoding = 4; lastKnownFileType = sourcecode.c.h; name = HRMJobStatus.h; path = Models/HRMJobStatus.h; sourceTree = "<group>"; };
		D7A2B4801D0BAE5700D1FC66 /* HRMJobStatus.m */ = {isa = PBXFileReference; fileEncoding = 4; lastKnownFileType = sourcecode.c.objc; name = HRMJobStatus.m; path = Models/HRMJobStatus.m; sourceTree = "<group>"; };
		D7E7CBEC1D0DAC9B0067F6C8 /* MainMenu.xib */ = {isa = PBXFileReference; fileEncoding = 4; lastKnownFileType = file.xib; name = MainMenu.xib; path = Nib/MainMenu.xib; sourceTree = "<group>"; };
		D7E7CBF01D0DAED30067F6C8 /* HRMMainWindow.xib */ = {isa = PBXFileReference; fileEncoding = 4; lastKnownFileType = file.xib; name = HRMMainWindow.xib; path = Nib/HRMMainWindow.xib; sourceTree = "<group>"; };
		F545F7491D07ACA500BB31E5 /* CSVResolver.h */ = {isa = PBXFileReference; fileEncoding = 4; lastKnownFileType = sourcecode.c.h; name = CSVResolver.h; path = Utils/CSVResolver/CSVResolver.h; sourceTree = "<group>"; };
		F545F74A1D07ACA500BB31E5 /* CSVResolver.m */ = {isa = PBXFileReference; fileEncoding = 4; lastKnownFileType = sourcecode.c.objc; name = CSVResolver.m; path = Utils/CSVResolver/CSVResolver.m; sourceTree = "<group>"; };
		F545F74C1D07ACE700BB31E5 /* CSVModel.h */ = {isa = PBXFileReference; fileEncoding = 4; lastKnownFileType = sourcecode.c.h; name = CSVModel.h; path = Utils/CSVResolver/CSVModel.h; sourceTree = "<group>"; };
		F545F74D1D07ACE700BB31E5 /* CSVModel.m */ = {isa = PBXFileReference; fileEncoding = 4; lastKnownFileType = sourcecode.c.objc; name = CSVModel.m; path = Utils/CSVResolver/CSVModel.m; sourceTree = "<group>"; };
		F545F74F1D07AE8F00BB31E5 /* CSVDataObject.h */ = {isa = PBXFileReference; fileEncoding = 4; lastKnownFileType = sourcecode.c.h; name = CSVDataObject.h; path = Utils/CSVResolver/CSVDataObject.h; sourceTree = "<group>"; };
		F545F7501D07AE8F00BB31E5 /* CSVDataObject.m */ = {isa = PBXFileReference; fileEncoding = 4; lastKnownFileType = sourcecode.c.objc; name = CSVDataObject.m; path = Utils/CSVResolver/CSVDataObject.m; sourceTree = "<group>"; };
		F56FA4931D0D69B300D312F0 /* HRMFileImportView.xib */ = {isa = PBXFileReference; fileEncoding = 4; lastKnownFileType = file.xib; name = HRMFileImportView.xib; path = Import/Nib/HRMFileImportView.xib; sourceTree = "<group>"; };
/* End PBXFileReference section */

/* Begin PBXFrameworksBuildPhase section */
		D742F9831D05DF970036B273 /* Frameworks */ = {
			isa = PBXFrameworksBuildPhase;
			buildActionMask = 2147483647;
			files = (
				D77197D11D0D9F260023FDB4 /* QuartzCore.framework in Frameworks */,
				6631EEE3287031D06B9DCE9D /* libPods-HRMS.a in Frameworks */,
			);
			runOnlyForDeploymentPostprocessing = 0;
		};
/* End PBXFrameworksBuildPhase section */

/* Begin PBXGroup section */
		20806F0997B585364B3A9135 /* Pods */ = {
			isa = PBXGroup;
			children = (
				CA2F62F5DF3FB07631F2F24F /* Pods-HRMS.debug.xcconfig */,
				53F99B078456529476E054B9 /* Pods-HRMS.release.xcconfig */,
			);
			name = Pods;
			sourceTree = "<group>";
		};
		2F90A49212D9F1899DC04EDE /* Frameworks */ = {
			isa = PBXGroup;
			children = (
				D77197D01D0D9F260023FDB4 /* QuartzCore.framework */,
				007A2428E62A79150A2B5921 /* libPods-HRMS.a */,
			);
			name = Frameworks;
			sourceTree = "<group>";
		};
		D71AF4521D0A7A3E00B632B2 /* Import */ = {
			isa = PBXGroup;
			children = (
				F56FA48F1D0D681A00D312F0 /* Window */,
				F56FA48C1D0D678800D312F0 /* Nib */,
				D71AF45B1D0A801B00B632B2 /* View */,
				D71AF45A1D0A801000B632B2 /* Controller */,
			);
			name = Import;
			sourceTree = "<group>";
		};
		D71AF4561D0A7E5400B632B2 /* Common */ = {
			isa = PBXGroup;
			children = (
				D7A2B4701D0B2DBA00D1FC66 /* Model */,
				D71AF4791D0A8B4100B632B2 /* View */,
			);
			name = Common;
			sourceTree = "<group>";
		};
		D71AF45A1D0A801000B632B2 /* Controller */ = {
			isa = PBXGroup;
			children = (
				D71AF4601D0A807F00B632B2 /* HRMImportViewController.h */,
				D71AF4611D0A807F00B632B2 /* HRMImportViewController.m */,
			);
			name = Controller;
			sourceTree = "<group>";
		};
		D71AF45B1D0A801B00B632B2 /* View */ = {
			isa = PBXGroup;
			children = (
				D71AF45C1D0A805600B632B2 /* HRMFileImportView.h */,
				D71AF45D1D0A805600B632B2 /* HRMFileImportView.m */,
				D71D6B291D0C064200FC0375 /* HRMImportingView.h */,
				D71D6B2A1D0C064200FC0375 /* HRMImportingView.m */,
			);
			name = View;
			sourceTree = "<group>";
		};
		D71AF4791D0A8B4100B632B2 /* View */ = {
			isa = PBXGroup;
			children = (
				D71AF47A1D0A8B5B00B632B2 /* HRMColoredView.h */,
				D71AF47B1D0A8B5B00B632B2 /* HRMColoredView.m */,
			);
			name = View;
			sourceTree = "<group>";
		};
		D71AF47D1D0A8B6400B632B2 /* Color */ = {
			isa = PBXGroup;
			children = (
				D71AF47E1D0A8B8900B632B2 /* NSColor+Hex.h */,
				D71AF47F1D0A8B8900B632B2 /* NSColor+Hex.m */,
			);
			name = Color;
			sourceTree = "<group>";
		};
		D71D6B2C1D0C0C1000FC0375 /* Window */ = {
			isa = PBXGroup;
			children = (
				D71D6B2D1D0C0C2E00FC0375 /* HRMMainWindowController.h */,
				D71D6B2E1D0C0C2E00FC0375 /* HRMMainWindowController.m */,
			);
			name = Window;
			sourceTree = "<group>";
		};
		D742F97D1D05DF970036B273 = {
			isa = PBXGroup;
			children = (
				D742F9881D05DF970036B273 /* HRMS */,
				D742F9871D05DF970036B273 /* Products */,
				2F90A49212D9F1899DC04EDE /* Frameworks */,
				20806F0997B585364B3A9135 /* Pods */,
			);
			sourceTree = "<group>";
		};
		D742F9871D05DF970036B273 /* Products */ = {
			isa = PBXGroup;
			children = (
				D742F9861D05DF970036B273 /* HRMS.app */,
			);
			name = Products;
			sourceTree = "<group>";
		};
		D742F9881D05DF970036B273 /* HRMS */ = {
			isa = PBXGroup;
			children = (
				D71D6B2C1D0C0C1000FC0375 /* Window */,
				D71AF4561D0A7E5400B632B2 /* Common */,
				D71AF4521D0A7A3E00B632B2 /* Import */,
				F545F7481D07AC7600BB31E5 /* Utils */,
				D742F99D1D05E2780036B273 /* Models */,
				D7E7CBEB1D0DAC820067F6C8 /* Nib */,
				D742F9891D05DF970036B273 /* AppDelegate.h */,
				D742F98A1D05DF970036B273 /* AppDelegate.m */,
				D742F98C1D05DF970036B273 /* Supporting Files */,
			);
			path = HRMS;
			sourceTree = "<group>";
		};
		D742F98C1D05DF970036B273 /* Supporting Files */ = {
			isa = PBXGroup;
			children = (
				D7A2B4741D0B2ECE00D1FC66 /* HRMSPrefix.pch */,
				D71AF4731D0A84EA00B632B2 /* Info.plist */,
				D71AF4721D0A84CD00B632B2 /* Localizable.strings */,
				D71AF46C1D0A84C600B632B2 /* main.m */,
				D742F9921D05DF970036B273 /* Assets.xcassets */,
			);
			name = "Supporting Files";
			sourceTree = "<group>";
		};
		D742F99D1D05E2780036B273 /* Models */ = {
			isa = PBXGroup;
			children = (
				D742F99E1D05E2BE0036B273 /* HRMStaff.h */,
				D742F99F1D05E2BE0036B273 /* HRMStaff.m */,
				D742F9A11D05E3670036B273 /* HRMDepartment.h */,
				D742F9A21D05E3670036B273 /* HRMDepartment.m */,
				D7A2B4691D0AD18900D1FC66 /* HRMCompany.h */,
				D7A2B46A1D0AD18900D1FC66 /* HRMCompany.m */,
				D7A2B47C1D0B405B00D1FC66 /* HRMWelfare.h */,
				D7A2B47D1D0B405B00D1FC66 /* HRMWelfare.m */,
				D7A2B47F1D0BAE5700D1FC66 /* HRMJobStatus.h */,
				D7A2B4801D0BAE5700D1FC66 /* HRMJobStatus.m */,
				D71D6B201D0BFD5500FC0375 /* HRMStaffCSVDataObject.h */,
				D71D6B211D0BFD5500FC0375 /* HRMStaffCSVDataObject.m */,
			);
			name = Models;
			sourceTree = "<group>";
		};
		D7A2B46C1D0B2A4800D1FC66 /* Date */ = {
			isa = PBXGroup;
			children = (
				D7A2B46D1D0B2A7000D1FC66 /* NSString+Date.h */,
				D7A2B46E1D0B2A7000D1FC66 /* NSString+Date.m */,
			);
			name = Date;
			sourceTree = "<group>";
		};
		D7A2B4701D0B2DBA00D1FC66 /* Model */ = {
			isa = PBXGroup;
			children = (
				D7A2B4791D0B370100D1FC66 /* HRMMoney.h */,
				D7A2B47A1D0B370100D1FC66 /* HRMMoney.m */,
			);
			name = Model;
			sourceTree = "<group>";
		};
		D7A2B4751D0B2F8100D1FC66 /* String */ = {
			isa = PBXGroup;
			children = (
				D7A2B4761D0B2F9C00D1FC66 /* NSString+Validation.h */,
				D7A2B4771D0B2F9C00D1FC66 /* NSString+Validation.m */,
			);
			name = String;
			sourceTree = "<group>";
		};
		D7E7CBEB1D0DAC820067F6C8 /* Nib */ = {
			isa = PBXGroup;
			children = (
				D7E7CBEC1D0DAC9B0067F6C8 /* MainMenu.xib */,
				D7E7CBF01D0DAED30067F6C8 /* HRMMainWindow.xib */,
			);
			name = Nib;
			sourceTree = "<group>";
		};
		F545F7471D07AC6300BB31E5 /* CSVResolver */ = {
			isa = PBXGroup;
			children = (
				F545F74C1D07ACE700BB31E5 /* CSVModel.h */,
				F545F74D1D07ACE700BB31E5 /* CSVModel.m */,
				F545F74F1D07AE8F00BB31E5 /* CSVDataObject.h */,
				F545F7501D07AE8F00BB31E5 /* CSVDataObject.m */,
				F545F7491D07ACA500BB31E5 /* CSVResolver.h */,
				F545F74A1D07ACA500BB31E5 /* CSVResolver.m */,
			);
			name = CSVResolver;
			sourceTree = "<group>";
		};
		F545F7481D07AC7600BB31E5 /* Utils */ = {
			isa = PBXGroup;
			children = (
				D7A2B4751D0B2F8100D1FC66 /* String */,
				D7A2B46C1D0B2A4800D1FC66 /* Date */,
				D71AF47D1D0A8B6400B632B2 /* Color */,
				F545F7471D07AC6300BB31E5 /* CSVResolver */,
			);
			name = Utils;
			sourceTree = "<group>";
		};
		F56FA48C1D0D678800D312F0 /* Nib */ = {
			isa = PBXGroup;
			children = (
				F56FA4931D0D69B300D312F0 /* HRMFileImportView.xib */,
				D77197CE1D0D99160023FDB4 /* HRMImportingView.xib */,
			);
			name = Nib;
			sourceTree = "<group>";
		};
		F56FA48F1D0D681A00D312F0 /* Window */ = {
			isa = PBXGroup;
			children = (
			);
			name = Window;
			sourceTree = "<group>";
		};
/* End PBXGroup section */

/* Begin PBXNativeTarget section */
		D742F9851D05DF970036B273 /* HRMS */ = {
			isa = PBXNativeTarget;
			buildConfigurationList = D742F99A1D05DF970036B273 /* Build configuration list for PBXNativeTarget "HRMS" */;
			buildPhases = (
				AC683D5A3D6BE7C1AAC71E6E /* [CP] Check Pods Manifest.lock */,
				D742F9821D05DF970036B273 /* Sources */,
				D742F9831D05DF970036B273 /* Frameworks */,
				D742F9841D05DF970036B273 /* Resources */,
				D741D490DFA0DB3017EB66B4 /* [CP] Embed Pods Frameworks */,
				E637CAABCB269AFF01E891FF /* [CP] Copy Pods Resources */,
			);
			buildRules = (
			);
			dependencies = (
			);
			name = HRMS;
			productName = HRMS;
			productReference = D742F9861D05DF970036B273 /* HRMS.app */;
			productType = "com.apple.product-type.application";
		};
/* End PBXNativeTarget section */

/* Begin PBXProject section */
		D742F97E1D05DF970036B273 /* Project object */ = {
			isa = PBXProject;
			attributes = {
				LastUpgradeCheck = 0730;
				ORGANIZATIONNAME = mesird;
				TargetAttributes = {
					D742F9851D05DF970036B273 = {
						CreatedOnToolsVersion = 7.3.1;
					};
				};
			};
			buildConfigurationList = D742F9811D05DF970036B273 /* Build configuration list for PBXProject "HRMS" */;
			compatibilityVersion = "Xcode 3.2";
			developmentRegion = English;
			hasScannedForEncodings = 0;
			knownRegions = (
				en,
				"zh-Hans",
			);
			mainGroup = D742F97D1D05DF970036B273;
			productRefGroup = D742F9871D05DF970036B273 /* Products */;
			projectDirPath = "";
			projectRoot = "";
			targets = (
				D742F9851D05DF970036B273 /* HRMS */,
			);
		};
/* End PBXProject section */

/* Begin PBXResourcesBuildPhase section */
		D742F9841D05DF970036B273 /* Resources */ = {
			isa = PBXResourcesBuildPhase;
			buildActionMask = 2147483647;
			files = (
				D77197CF1D0D99160023FDB4 /* HRMImportingView.xib in Resources */,
				D71AF4741D0A84EA00B632B2 /* Info.plist in Resources */,
				D742F9931D05DF970036B273 /* Assets.xcassets in Resources */,
				D71AF4701D0A84CD00B632B2 /* Localizable.strings in Resources */,
				F56FA4941D0D69B300D312F0 /* HRMFileImportView.xib in Resources */,
				D7E7CBF11D0DAED30067F6C8 /* HRMMainWindow.xib in Resources */,
				D7E7CBED1D0DAC9B0067F6C8 /* MainMenu.xib in Resources */,
			);
			runOnlyForDeploymentPostprocessing = 0;
		};
/* End PBXResourcesBuildPhase section */

/* Begin PBXShellScriptBuildPhase section */
		AC683D5A3D6BE7C1AAC71E6E /* [CP] Check Pods Manifest.lock */ = {
			isa = PBXShellScriptBuildPhase;
			buildActionMask = 2147483647;
			files = (
			);
			inputPaths = (
			);
			name = "[CP] Check Pods Manifest.lock";
			outputPaths = (
			);
			runOnlyForDeploymentPostprocessing = 0;
			shellPath = /bin/sh;
			shellScript = "diff \"${PODS_ROOT}/../Podfile.lock\" \"${PODS_ROOT}/Manifest.lock\" > /dev/null\nif [[ $? != 0 ]] ; then\n    cat << EOM\nerror: The sandbox is not in sync with the Podfile.lock. Run 'pod install' or update your CocoaPods installation.\nEOM\n    exit 1\nfi\n";
			showEnvVarsInLog = 0;
		};
		D741D490DFA0DB3017EB66B4 /* [CP] Embed Pods Frameworks */ = {
			isa = PBXShellScriptBuildPhase;
			buildActionMask = 2147483647;
			files = (
			);
			inputPaths = (
			);
			name = "[CP] Embed Pods Frameworks";
			outputPaths = (
			);
			runOnlyForDeploymentPostprocessing = 0;
			shellPath = /bin/sh;
			shellScript = "\"${SRCROOT}/Pods/Target Support Files/Pods-HRMS/Pods-HRMS-frameworks.sh\"\n";
			showEnvVarsInLog = 0;
		};
		E637CAABCB269AFF01E891FF /* [CP] Copy Pods Resources */ = {
			isa = PBXShellScriptBuildPhase;
			buildActionMask = 2147483647;
			files = (
			);
			inputPaths = (
			);
			name = "[CP] Copy Pods Resources";
			outputPaths = (
			);
			runOnlyForDeploymentPostprocessing = 0;
			shellPath = /bin/sh;
			shellScript = "\"${SRCROOT}/Pods/Target Support Files/Pods-HRMS/Pods-HRMS-resources.sh\"\n";
			showEnvVarsInLog = 0;
		};
/* End PBXShellScriptBuildPhase section */

/* Begin PBXSourcesBuildPhase section */
		D742F9821D05DF970036B273 /* Sources */ = {
			isa = PBXSourcesBuildPhase;
			buildActionMask = 2147483647;
			files = (
				D7A2B4781D0B2F9C00D1FC66 /* NSString+Validation.m in Sources */,
				D71D6B2F1D0C0C2E00FC0375 /* HRMMainWindowController.m in Sources */,
				F545F74B1D07ACA500BB31E5 /* CSVResolver.m in Sources */,
				D7A2B46F1D0B2A7000D1FC66 /* NSString+Date.m in Sources */,
				D742F9A31D05E3670036B273 /* HRMDepartment.m in Sources */,
				D7A2B47E1D0B405B00D1FC66 /* HRMWelfare.m in Sources */,
				D7A2B47B1D0B370100D1FC66 /* HRMMoney.m in Sources */,
				D742F9A01D05E2BE0036B273 /* HRMStaff.m in Sources */,
				D71D6B2B1D0C064200FC0375 /* HRMImportingView.m in Sources */,
				D71AF4621D0A807F00B632B2 /* HRMImportViewController.m in Sources */,
				F545F74E1D07ACE700BB31E5 /* CSVModel.m in Sources */,
				D7A2B4811D0BAE5700D1FC66 /* HRMJobStatus.m in Sources */,
				D71AF45E1D0A805600B632B2 /* HRMFileImportView.m in Sources */,
				D742F98B1D05DF970036B273 /* AppDelegate.m in Sources */,
				D71AF47C1D0A8B5B00B632B2 /* HRMColoredView.m in Sources */,
				D71AF46F1D0A84C600B632B2 /* main.m in Sources */,
				D71D6B221D0BFD5500FC0375 /* HRMStaffCSVDataObject.m in Sources */,
				D7A2B46B1D0AD18900D1FC66 /* HRMCompany.m in Sources */,
				F545F7511D07AE8F00BB31E5 /* CSVDataObject.m in Sources */,
				D71AF4801D0A8B8900B632B2 /* NSColor+Hex.m in Sources */,
			);
			runOnlyForDeploymentPostprocessing = 0;
		};
/* End PBXSourcesBuildPhase section */

/* Begin PBXVariantGroup section */
		D71AF4721D0A84CD00B632B2 /* Localizable.strings */ = {
			isa = PBXVariantGroup;
			children = (
				D71AF4711D0A84CD00B632B2 /* en */,
				D71AF4761D0A855500B632B2 /* zh-Hans */,
			);
			name = Localizable.strings;
			path = SupportingFiles;
			sourceTree = "<group>";
		};
/* End PBXVariantGroup section */

/* Begin XCBuildConfiguration section */
		D742F9981D05DF970036B273 /* Debug */ = {
			isa = XCBuildConfiguration;
			buildSettings = {
				ALWAYS_SEARCH_USER_PATHS = NO;
				CLANG_ANALYZER_NONNULL = YES;
				CLANG_CXX_LANGUAGE_STANDARD = "gnu++0x";
				CLANG_CXX_LIBRARY = "libc++";
				CLANG_ENABLE_MODULES = YES;
				CLANG_ENABLE_OBJC_ARC = YES;
				CLANG_WARN_BOOL_CONVERSION = YES;
				CLANG_WARN_CONSTANT_CONVERSION = YES;
				CLANG_WARN_DIRECT_OBJC_ISA_USAGE = YES_ERROR;
				CLANG_WARN_EMPTY_BODY = YES;
				CLANG_WARN_ENUM_CONVERSION = YES;
				CLANG_WARN_INT_CONVERSION = YES;
				CLANG_WARN_OBJC_ROOT_CLASS = YES_ERROR;
				CLANG_WARN_UNREACHABLE_CODE = YES;
				CLANG_WARN__DUPLICATE_METHOD_MATCH = YES;
				CODE_SIGN_IDENTITY = "-";
				COPY_PHASE_STRIP = NO;
				DEBUG_INFORMATION_FORMAT = dwarf;
				ENABLE_STRICT_OBJC_MSGSEND = YES;
				ENABLE_TESTABILITY = YES;
				GCC_C_LANGUAGE_STANDARD = gnu99;
				GCC_DYNAMIC_NO_PIC = NO;
				GCC_NO_COMMON_BLOCKS = YES;
				GCC_OPTIMIZATION_LEVEL = 0;
				GCC_PRECOMPILE_PREFIX_HEADER = YES;
				GCC_PREFIX_HEADER = "$(SRCROOT)/HRMS/SupportingFiles/HRMSPrefix.pch";
				GCC_PREPROCESSOR_DEFINITIONS = (
					"DEBUG=1",
					"$(inherited)",
				);
				GCC_WARN_64_TO_32_BIT_CONVERSION = YES;
				GCC_WARN_ABOUT_RETURN_TYPE = YES_ERROR;
				GCC_WARN_UNDECLARED_SELECTOR = YES;
				GCC_WARN_UNINITIALIZED_AUTOS = YES_AGGRESSIVE;
				GCC_WARN_UNUSED_FUNCTION = YES;
				GCC_WARN_UNUSED_VARIABLE = YES;
				MACOSX_DEPLOYMENT_TARGET = 10.11;
				MTL_ENABLE_DEBUG_INFO = YES;
				ONLY_ACTIVE_ARCH = YES;
				SDKROOT = macosx;
			};
			name = Debug;
		};
		D742F9991D05DF970036B273 /* Release */ = {
			isa = XCBuildConfiguration;
			buildSettings = {
				ALWAYS_SEARCH_USER_PATHS = NO;
				CLANG_ANALYZER_NONNULL = YES;
				CLANG_CXX_LANGUAGE_STANDARD = "gnu++0x";
				CLANG_CXX_LIBRARY = "libc++";
				CLANG_ENABLE_MODULES = YES;
				CLANG_ENABLE_OBJC_ARC = YES;
				CLANG_WARN_BOOL_CONVERSION = YES;
				CLANG_WARN_CONSTANT_CONVERSION = YES;
				CLANG_WARN_DIRECT_OBJC_ISA_USAGE = YES_ERROR;
				CLANG_WARN_EMPTY_BODY = YES;
				CLANG_WARN_ENUM_CONVERSION = YES;
				CLANG_WARN_INT_CONVERSION = YES;
				CLANG_WARN_OBJC_ROOT_CLASS = YES_ERROR;
				CLANG_WARN_UNREACHABLE_CODE = YES;
				CLANG_WARN__DUPLICATE_METHOD_MATCH = YES;
				CODE_SIGN_IDENTITY = "-";
				COPY_PHASE_STRIP = NO;
				DEBUG_INFORMATION_FORMAT = "dwarf-with-dsym";
				ENABLE_NS_ASSERTIONS = NO;
				ENABLE_STRICT_OBJC_MSGSEND = YES;
				GCC_C_LANGUAGE_STANDARD = gnu99;
				GCC_NO_COMMON_BLOCKS = YES;
				GCC_PRECOMPILE_PREFIX_HEADER = YES;
				GCC_PREFIX_HEADER = "$(SRCROOT)/HRMS/SupportingFiles/HRMSPrefix.pch";
				GCC_WARN_64_TO_32_BIT_CONVERSION = YES;
				GCC_WARN_ABOUT_RETURN_TYPE = YES_ERROR;
				GCC_WARN_UNDECLARED_SELECTOR = YES;
				GCC_WARN_UNINITIALIZED_AUTOS = YES_AGGRESSIVE;
				GCC_WARN_UNUSED_FUNCTION = YES;
				GCC_WARN_UNUSED_VARIABLE = YES;
				MACOSX_DEPLOYMENT_TARGET = 10.11;
				MTL_ENABLE_DEBUG_INFO = NO;
				SDKROOT = macosx;
			};
			name = Release;
		};
		D742F99B1D05DF970036B273 /* Debug */ = {
			isa = XCBuildConfiguration;
			baseConfigurationReference = CA2F62F5DF3FB07631F2F24F /* Pods-HRMS.debug.xcconfig */;
			buildSettings = {
				ASSETCATALOG_COMPILER_APPICON_NAME = AppIcon;
				COMBINE_HIDPI_IMAGES = YES;
				INFOPLIST_FILE = HRMS/Info.plist;
				LD_RUNPATH_SEARCH_PATHS = "$(inherited) @executable_path/../Frameworks";
				PRODUCT_BUNDLE_IDENTIFIER = com.mesird.HRMS;
				PRODUCT_NAME = "$(TARGET_NAME)";
			};
			name = Debug;
		};
		D742F99C1D05DF970036B273 /* Release */ = {
			isa = XCBuildConfiguration;
			baseConfigurationReference = 53F99B078456529476E054B9 /* Pods-HRMS.release.xcconfig */;
			buildSettings = {
				ASSETCATALOG_COMPILER_APPICON_NAME = AppIcon;
				COMBINE_HIDPI_IMAGES = YES;
				INFOPLIST_FILE = HRMS/Info.plist;
				LD_RUNPATH_SEARCH_PATHS = "$(inherited) @executable_path/../Frameworks";
				PRODUCT_BUNDLE_IDENTIFIER = com.mesird.HRMS;
				PRODUCT_NAME = "$(TARGET_NAME)";
			};
			name = Release;
		};
/* End XCBuildConfiguration section */

/* Begin XCConfigurationList section */
		D742F9811D05DF970036B273 /* Build configuration list for PBXProject "HRMS" */ = {
			isa = XCConfigurationList;
			buildConfigurations = (
				D742F9981D05DF970036B273 /* Debug */,
				D742F9991D05DF970036B273 /* Release */,
			);
			defaultConfigurationIsVisible = 0;
			defaultConfigurationName = Release;
		};
		D742F99A1D05DF970036B273 /* Build configuration list for PBXNativeTarget "HRMS" */ = {
			isa = XCConfigurationList;
			buildConfigurations = (
				D742F99B1D05DF970036B273 /* Debug */,
				D742F99C1D05DF970036B273 /* Release */,
			);
			defaultConfigurationIsVisible = 0;
			defaultConfigurationName = Release;
		};
/* End XCConfigurationList section */
	};
	rootObject = D742F97E1D05DF970036B273 /* Project object */;
}
